// !$*UTF8*$!
{
	archiveVersion = 1;
	classes = {
	};
	objectVersion = 50;
	objects = {

/* Begin PBXBuildFile section */
		052E1E00227895880074B830 /* FRWaterfallCell.swift in Sources */ = {isa = PBXBuildFile; fileRef = 052E1DFE227895880074B830 /* FRWaterfallCell.swift */; };
		052E1E01227895880074B830 /* FRWaterfallCell.xib in Resources */ = {isa = PBXBuildFile; fileRef = 052E1DFF227895880074B830 /* FRWaterfallCell.xib */; };
		052E1E03227898390074B830 /* FRWaterfallModel.swift in Sources */ = {isa = PBXBuildFile; fileRef = 052E1E02227898390074B830 /* FRWaterfallModel.swift */; };
		05AC10BD2264D0FA00A43233 /* AppDelegate.swift in Sources */ = {isa = PBXBuildFile; fileRef = 05AC10BC2264D0FA00A43233 /* AppDelegate.swift */; };
		05AC10BF2264D0FA00A43233 /* ViewController.swift in Sources */ = {isa = PBXBuildFile; fileRef = 05AC10BE2264D0FA00A43233 /* ViewController.swift */; };
		05AC10C22264D0FA00A43233 /* Main.storyboard in Resources */ = {isa = PBXBuildFile; fileRef = 05AC10C02264D0FA00A43233 /* Main.storyboard */; };
		05AC10C42264D0FB00A43233 /* Assets.xcassets in Resources */ = {isa = PBXBuildFile; fileRef = 05AC10C32264D0FB00A43233 /* Assets.xcassets */; };
		05AC10C72264D0FB00A43233 /* LaunchScreen.storyboard in Resources */ = {isa = PBXBuildFile; fileRef = 05AC10C52264D0FB00A43233 /* LaunchScreen.storyboard */; };
		05AC10E72264D1D300A43233 /* FRPickView.swift in Sources */ = {isa = PBXBuildFile; fileRef = 05AC10E62264D1D300A43233 /* FRPickView.swift */; };
		05AC112D22660CB900A43233 /* BasicViewController.swift in Sources */ = {isa = PBXBuildFile; fileRef = 05AC112C22660CB900A43233 /* BasicViewController.swift */; };
		05AC11342266150D00A43233 /* FRBasicCell.swift in Sources */ = {isa = PBXBuildFile; fileRef = 05AC11322266150D00A43233 /* FRBasicCell.swift */; };
		05AC11372268AA2B00A43233 /* FRBasicNavigationController.swift in Sources */ = {isa = PBXBuildFile; fileRef = 05AC11362268AA2B00A43233 /* FRBasicNavigationController.swift */; };
		05AC113A2268B03700A43233 /* Lang+Extension.swift in Sources */ = {isa = PBXBuildFile; fileRef = 05AC11392268B03700A43233 /* Lang+Extension.swift */; };
		05AC113C2268B05600A43233 /* UIColor+Extension.swift in Sources */ = {isa = PBXBuildFile; fileRef = 05AC113B2268B05600A43233 /* UIColor+Extension.swift */; };
		05AC113F2268C2C100A43233 /* FRHomeCell.swift in Sources */ = {isa = PBXBuildFile; fileRef = 05AC113D2268C2C100A43233 /* FRHomeCell.swift */; };
		05AC11402268C2C100A43233 /* FRHomeCell.xib in Resources */ = {isa = PBXBuildFile; fileRef = 05AC113E2268C2C100A43233 /* FRHomeCell.xib */; };
		05AC1148226A210500A43233 /* FRTableViewAnimationViewController.swift in Sources */ = {isa = PBXBuildFile; fileRef = 05AC1147226A210500A43233 /* FRTableViewAnimationViewController.swift */; };
		05AC114C226ABF4600A43233 /* FRWaterfallLayout.swift in Sources */ = {isa = PBXBuildFile; fileRef = 05AC114B226ABF4600A43233 /* FRWaterfallLayout.swift */; };
		05AC114E226AD34B00A43233 /* image1.jpg in Resources */ = {isa = PBXBuildFile; fileRef = 05AC114D226AD34B00A43233 /* image1.jpg */; };
		BB6CF9AF227FDBA7007A5C3C /* thanos_dust_4.mp3 in Resources */ = {isa = PBXBuildFile; fileRef = BB6CF9A7227FDBA7007A5C3C /* thanos_dust_4.mp3 */; };
		BB6CF9B0227FDBA7007A5C3C /* thanos_dust_5.mp3 in Resources */ = {isa = PBXBuildFile; fileRef = BB6CF9A8227FDBA7007A5C3C /* thanos_dust_5.mp3 */; };
		BB6CF9B1227FDBA7007A5C3C /* thanos_dust_6.mp3 in Resources */ = {isa = PBXBuildFile; fileRef = BB6CF9A9227FDBA7007A5C3C /* thanos_dust_6.mp3 */; };
		BB6CF9B2227FDBA7007A5C3C /* thanos_dust_2.mp3 in Resources */ = {isa = PBXBuildFile; fileRef = BB6CF9AA227FDBA7007A5C3C /* thanos_dust_2.mp3 */; };
		BB6CF9B3227FDBA7007A5C3C /* thanos_dust_3.mp3 in Resources */ = {isa = PBXBuildFile; fileRef = BB6CF9AB227FDBA7007A5C3C /* thanos_dust_3.mp3 */; };
		BB6CF9B4227FDBA7007A5C3C /* thanos_dust_1.mp3 in Resources */ = {isa = PBXBuildFile; fileRef = BB6CF9AC227FDBA7007A5C3C /* thanos_dust_1.mp3 */; };
		BB6CF9B5227FDBA7007A5C3C /* thanos_snap_sound.mp3 in Resources */ = {isa = PBXBuildFile; fileRef = BB6CF9AD227FDBA7007A5C3C /* thanos_snap_sound.mp3 */; };
		BB6CF9B6227FDBA7007A5C3C /* thanos_reverse_sound.mp3 in Resources */ = {isa = PBXBuildFile; fileRef = BB6CF9AE227FDBA7007A5C3C /* thanos_reverse_sound.mp3 */; };
		BB6CF9BA227FE168007A5C3C /* AnimatableSpriteLayer.swift in Sources */ = {isa = PBXBuildFile; fileRef = BB6CF9B7227FE168007A5C3C /* AnimatableSpriteLayer.swift */; };
		BB6CF9BB227FE168007A5C3C /* ThanosGauntlet.swift in Sources */ = {isa = PBXBuildFile; fileRef = BB6CF9B8227FE168007A5C3C /* ThanosGauntlet.swift */; };
		BB6CF9BC227FE168007A5C3C /* DustEffectView.swift in Sources */ = {isa = PBXBuildFile; fileRef = BB6CF9B9227FE168007A5C3C /* DustEffectView.swift */; };
		BB6CF9BE227FE18F007A5C3C /* FRMiebaViewController.swift in Sources */ = {isa = PBXBuildFile; fileRef = BB6CF9BD227FE18F007A5C3C /* FRMiebaViewController.swift */; };
/* End PBXBuildFile section */

/* Begin PBXFileReference section */
		052E1DFE227895880074B830 /* FRWaterfallCell.swift */ = {isa = PBXFileReference; lastKnownFileType = sourcecode.swift; path = FRWaterfallCell.swift; sourceTree = "<group>"; };
		052E1DFF227895880074B830 /* FRWaterfallCell.xib */ = {isa = PBXFileReference; lastKnownFileType = file.xib; path = FRWaterfallCell.xib; sourceTree = "<group>"; };
		052E1E02227898390074B830 /* FRWaterfallModel.swift */ = {isa = PBXFileReference; lastKnownFileType = sourcecode.swift; path = FRWaterfallModel.swift; sourceTree = "<group>"; };
		05AC10B92264D0FA00A43233 /* FRKit.app */ = {isa = PBXFileReference; explicitFileType = wrapper.application; includeInIndex = 0; path = FRKit.app; sourceTree = BUILT_PRODUCTS_DIR; };
		05AC10BC2264D0FA00A43233 /* AppDelegate.swift */ = {isa = PBXFileReference; lastKnownFileType = sourcecode.swift; path = AppDelegate.swift; sourceTree = "<group>"; };
		05AC10BE2264D0FA00A43233 /* ViewController.swift */ = {isa = PBXFileReference; lastKnownFileType = sourcecode.swift; path = ViewController.swift; sourceTree = "<group>"; };
		05AC10C12264D0FA00A43233 /* Base */ = {isa = PBXFileReference; lastKnownFileType = file.storyboard; name = Base; path = Base.lproj/Main.storyboard; sourceTree = "<group>"; };
		05AC10C32264D0FB00A43233 /* Assets.xcassets */ = {isa = PBXFileReference; lastKnownFileType = folder.assetcatalog; path = Assets.xcassets; sourceTree = "<group>"; };
		05AC10C62264D0FB00A43233 /* Base */ = {isa = PBXFileReference; lastKnownFileType = file.storyboard; name = Base; path = Base.lproj/LaunchScreen.storyboard; sourceTree = "<group>"; };
		05AC10C82264D0FB00A43233 /* Info.plist */ = {isa = PBXFileReference; lastKnownFileType = text.plist.xml; path = Info.plist; sourceTree = "<group>"; };
		05AC10E62264D1D300A43233 /* FRPickView.swift */ = {isa = PBXFileReference; lastKnownFileType = sourcecode.swift; path = FRPickView.swift; sourceTree = "<group>"; };
		05AC112C22660CB900A43233 /* BasicViewController.swift */ = {isa = PBXFileReference; lastKnownFileType = sourcecode.swift; path = BasicViewController.swift; sourceTree = "<group>"; };
		05AC11322266150D00A43233 /* FRBasicCell.swift */ = {isa = PBXFileReference; lastKnownFileType = sourcecode.swift; path = FRBasicCell.swift; sourceTree = "<group>"; };
		05AC11362268AA2B00A43233 /* FRBasicNavigationController.swift */ = {isa = PBXFileReference; lastKnownFileType = sourcecode.swift; path = FRBasicNavigationController.swift; sourceTree = "<group>"; };
		05AC11392268B03700A43233 /* Lang+Extension.swift */ = {isa = PBXFileReference; lastKnownFileType = sourcecode.swift; path = "Lang+Extension.swift"; sourceTree = "<group>"; };
		05AC113B2268B05600A43233 /* UIColor+Extension.swift */ = {isa = PBXFileReference; lastKnownFileType = sourcecode.swift; path = "UIColor+Extension.swift"; sourceTree = "<group>"; };
		05AC113D2268C2C100A43233 /* FRHomeCell.swift */ = {isa = PBXFileReference; lastKnownFileType = sourcecode.swift; path = FRHomeCell.swift; sourceTree = "<group>"; };
		05AC113E2268C2C100A43233 /* FRHomeCell.xib */ = {isa = PBXFileReference; lastKnownFileType = file.xib; path = FRHomeCell.xib; sourceTree = "<group>"; };
		05AC1147226A210500A43233 /* FRTableViewAnimationViewController.swift */ = {isa = PBXFileReference; lastKnownFileType = sourcecode.swift; path = FRTableViewAnimationViewController.swift; sourceTree = "<group>"; };
		05AC114B226ABF4600A43233 /* FRWaterfallLayout.swift */ = {isa = PBXFileReference; lastKnownFileType = sourcecode.swift; path = FRWaterfallLayout.swift; sourceTree = "<group>"; };
		05AC114D226AD34B00A43233 /* image1.jpg */ = {isa = PBXFileReference; lastKnownFileType = image.jpeg; path = image1.jpg; sourceTree = "<group>"; };
		BB6CF9A7227FDBA7007A5C3C /* thanos_dust_4.mp3 */ = {isa = PBXFileReference; lastKnownFileType = audio.mp3; path = thanos_dust_4.mp3; sourceTree = "<group>"; };
		BB6CF9A8227FDBA7007A5C3C /* thanos_dust_5.mp3 */ = {isa = PBXFileReference; lastKnownFileType = audio.mp3; path = thanos_dust_5.mp3; sourceTree = "<group>"; };
		BB6CF9A9227FDBA7007A5C3C /* thanos_dust_6.mp3 */ = {isa = PBXFileReference; lastKnownFileType = audio.mp3; path = thanos_dust_6.mp3; sourceTree = "<group>"; };
		BB6CF9AA227FDBA7007A5C3C /* thanos_dust_2.mp3 */ = {isa = PBXFileReference; lastKnownFileType = audio.mp3; path = thanos_dust_2.mp3; sourceTree = "<group>"; };
		BB6CF9AB227FDBA7007A5C3C /* thanos_dust_3.mp3 */ = {isa = PBXFileReference; lastKnownFileType = audio.mp3; path = thanos_dust_3.mp3; sourceTree = "<group>"; };
		BB6CF9AC227FDBA7007A5C3C /* thanos_dust_1.mp3 */ = {isa = PBXFileReference; lastKnownFileType = audio.mp3; path = thanos_dust_1.mp3; sourceTree = "<group>"; };
		BB6CF9AD227FDBA7007A5C3C /* thanos_snap_sound.mp3 */ = {isa = PBXFileReference; lastKnownFileType = audio.mp3; path = thanos_snap_sound.mp3; sourceTree = "<group>"; };
		BB6CF9AE227FDBA7007A5C3C /* thanos_reverse_sound.mp3 */ = {isa = PBXFileReference; lastKnownFileType = audio.mp3; path = thanos_reverse_sound.mp3; sourceTree = "<group>"; };
		BB6CF9B7227FE168007A5C3C /* AnimatableSpriteLayer.swift */ = {isa = PBXFileReference; fileEncoding = 4; lastKnownFileType = sourcecode.swift; path = AnimatableSpriteLayer.swift; sourceTree = "<group>"; };
		BB6CF9B8227FE168007A5C3C /* ThanosGauntlet.swift */ = {isa = PBXFileReference; fileEncoding = 4; lastKnownFileType = sourcecode.swift; path = ThanosGauntlet.swift; sourceTree = "<group>"; };
		BB6CF9B9227FE168007A5C3C /* DustEffectView.swift */ = {isa = PBXFileReference; fileEncoding = 4; lastKnownFileType = sourcecode.swift; path = DustEffectView.swift; sourceTree = "<group>"; };
		BB6CF9BD227FE18F007A5C3C /* FRMiebaViewController.swift */ = {isa = PBXFileReference; lastKnownFileType = sourcecode.swift; path = FRMiebaViewController.swift; sourceTree = "<group>"; };
/* End PBXFileReference section */

/* Begin PBXFrameworksBuildPhase section */
		05AC10B62264D0FA00A43233 /* Frameworks */ = {
			isa = PBXFrameworksBuildPhase;
			buildActionMask = 2147483647;
			files = (
			);
			runOnlyForDeploymentPostprocessing = 0;
		};
/* End PBXFrameworksBuildPhase section */

/* Begin PBXGroup section */
		05AC10B02264D0FA00A43233 = {
			isa = PBXGroup;
			children = (
				05AC10BB2264D0FA00A43233 /* FRKit */,
				05AC10BA2264D0FA00A43233 /* Products */,
			);
			sourceTree = "<group>";
		};
		05AC10BA2264D0FA00A43233 /* Products */ = {
			isa = PBXGroup;
			children = (
				05AC10B92264D0FA00A43233 /* FRKit.app */,
			);
			name = Products;
			sourceTree = "<group>";
		};
		05AC10BB2264D0FA00A43233 /* FRKit */ = {
			isa = PBXGroup;
			children = (
				05AC1141226A20E200A43233 /* Functions */,
				05AC11382268ADC300A43233 /* Extensions */,
				BB6CF99E227FD33C007A5C3C /* Base */,
				05AC10E42264D1C300A43233 /* Views */,
				BB6CF99F227FD367007A5C3C /* SupportFiles */,
				05AC10BC2264D0FA00A43233 /* AppDelegate.swift */,
				05AC112C22660CB900A43233 /* BasicViewController.swift */,
				05AC113D2268C2C100A43233 /* FRHomeCell.swift */,
				05AC113E2268C2C100A43233 /* FRHomeCell.xib */,
				05AC10BE2264D0FA00A43233 /* ViewController.swift */,
				05AC10C82264D0FB00A43233 /* Info.plist */,
			);
			path = FRKit;
			sourceTree = "<group>";
		};
		05AC10E42264D1C300A43233 /* Views */ = {
			isa = PBXGroup;
			children = (
				05AC10E52264D1C300A43233 /* FRPickerView */,
			);
			path = Views;
			sourceTree = "<group>";
		};
		05AC10E52264D1C300A43233 /* FRPickerView */ = {
			isa = PBXGroup;
			children = (
				05AC10E62264D1D300A43233 /* FRPickView.swift */,
			);
			path = FRPickerView;
			sourceTree = "<group>";
		};
		05AC11382268ADC300A43233 /* Extensions */ = {
			isa = PBXGroup;
			children = (
				05AC11392268B03700A43233 /* Lang+Extension.swift */,
				05AC113B2268B05600A43233 /* UIColor+Extension.swift */,
			);
			path = Extensions;
			sourceTree = "<group>";
		};
		05AC1141226A20E200A43233 /* Functions */ = {
			isa = PBXGroup;
			children = (
				05AC1142226A20E200A43233 /* UITableViewAmimations */,
				BB6CF997227FCC48007A5C3C /* 仿灭霸动画消失效果 */,
			);
			path = Functions;
			sourceTree = "<group>";
		};
		05AC1142226A20E200A43233 /* UITableViewAmimations */ = {
			isa = PBXGroup;
			children = (
				05AC1143226A20E200A43233 /* ViewModel */,
				05AC1144226A20E200A43233 /* Controller */,
				05AC1145226A20E200A43233 /* Model */,
				05AC1146226A20E200A43233 /* View */,
			);
			path = UITableViewAmimations;
			sourceTree = "<group>";
		};
		05AC1143226A20E200A43233 /* ViewModel */ = {
			isa = PBXGroup;
			children = (
				05AC114D226AD34B00A43233 /* image1.jpg */,
			);
			path = ViewModel;
			sourceTree = "<group>";
		};
		05AC1144226A20E200A43233 /* Controller */ = {
			isa = PBXGroup;
			children = (
				05AC1147226A210500A43233 /* FRTableViewAnimationViewController.swift */,
			);
			path = Controller;
			sourceTree = "<group>";
		};
		05AC1145226A20E200A43233 /* Model */ = {
			isa = PBXGroup;
			children = (
				05AC114B226ABF4600A43233 /* FRWaterfallLayout.swift */,
				052E1E02227898390074B830 /* FRWaterfallModel.swift */,
			);
			path = Model;
			sourceTree = "<group>";
		};
		05AC1146226A20E200A43233 /* View */ = {
			isa = PBXGroup;
			children = (
				052E1DFE227895880074B830 /* FRWaterfallCell.swift */,
				052E1DFF227895880074B830 /* FRWaterfallCell.xib */,
			);
			path = View;
			sourceTree = "<group>";
		};
		BB6CF997227FCC48007A5C3C /* 仿灭霸动画消失效果 */ = {
			isa = PBXGroup;
			children = (
				BB6CF9A6227FDBA7007A5C3C /* Sounds */,
				BB6CF998227FCC48007A5C3C /* ViewModel */,
				BB6CF999227FCC48007A5C3C /* Controller */,
				BB6CF99A227FCC48007A5C3C /* Model */,
				BB6CF99B227FCC48007A5C3C /* View */,
			);
			path = "仿灭霸动画消失效果";
			sourceTree = "<group>";
		};
		BB6CF998227FCC48007A5C3C /* ViewModel */ = {
			isa = PBXGroup;
			children = (
			);
			path = ViewModel;
			sourceTree = "<group>";
		};
		BB6CF999227FCC48007A5C3C /* Controller */ = {
			isa = PBXGroup;
			children = (
				BB6CF9BD227FE18F007A5C3C /* FRMiebaViewController.swift */,
			);
			path = Controller;
			sourceTree = "<group>";
		};
		BB6CF99A227FCC48007A5C3C /* Model */ = {
			isa = PBXGroup;
			children = (
			);
			path = Model;
			sourceTree = "<group>";
		};
		BB6CF99B227FCC48007A5C3C /* View */ = {
			isa = PBXGroup;
			children = (
				BB6CF9B7227FE168007A5C3C /* AnimatableSpriteLayer.swift */,
				BB6CF9B9227FE168007A5C3C /* DustEffectView.swift */,
				BB6CF9B8227FE168007A5C3C /* ThanosGauntlet.swift */,
			);
			path = View;
			sourceTree = "<group>";
		};
		BB6CF99E227FD33C007A5C3C /* Base */ = {
			isa = PBXGroup;
			children = (
				05AC11362268AA2B00A43233 /* FRBasicNavigationController.swift */,
				05AC11322266150D00A43233 /* FRBasicCell.swift */,
			);
			path = Base;
			sourceTree = "<group>";
		};
		BB6CF99F227FD367007A5C3C /* SupportFiles */ = {
			isa = PBXGroup;
			children = (
				05AC10C02264D0FA00A43233 /* Main.storyboard */,
				05AC10C52264D0FB00A43233 /* LaunchScreen.storyboard */,
				05AC10C32264D0FB00A43233 /* Assets.xcassets */,
			);
			path = SupportFiles;
			sourceTree = "<group>";
		};
		BB6CF9A6227FDBA7007A5C3C /* Sounds */ = {
			isa = PBXGroup;
			children = (
				BB6CF9A7227FDBA7007A5C3C /* thanos_dust_4.mp3 */,
				BB6CF9A8227FDBA7007A5C3C /* thanos_dust_5.mp3 */,
				BB6CF9A9227FDBA7007A5C3C /* thanos_dust_6.mp3 */,
				BB6CF9AA227FDBA7007A5C3C /* thanos_dust_2.mp3 */,
				BB6CF9AB227FDBA7007A5C3C /* thanos_dust_3.mp3 */,
				BB6CF9AC227FDBA7007A5C3C /* thanos_dust_1.mp3 */,
				BB6CF9AD227FDBA7007A5C3C /* thanos_snap_sound.mp3 */,
				BB6CF9AE227FDBA7007A5C3C /* thanos_reverse_sound.mp3 */,
			);
			path = Sounds;
			sourceTree = "<group>";
		};
/* End PBXGroup section */

/* Begin PBXNativeTarget section */
		05AC10B82264D0FA00A43233 /* FRKit */ = {
			isa = PBXNativeTarget;
			buildConfigurationList = 05AC10CB2264D0FB00A43233 /* Build configuration list for PBXNativeTarget "FRKit" */;
			buildPhases = (
				05AC10B52264D0FA00A43233 /* Sources */,
				05AC10B62264D0FA00A43233 /* Frameworks */,
				05AC10B72264D0FA00A43233 /* Resources */,
			);
			buildRules = (
			);
			dependencies = (
			);
			name = FRKit;
			productName = FRKit;
			productReference = 05AC10B92264D0FA00A43233 /* FRKit.app */;
			productType = "com.apple.product-type.application";
		};
/* End PBXNativeTarget section */

/* Begin PBXProject section */
		05AC10B12264D0FA00A43233 /* Project object */ = {
			isa = PBXProject;
			attributes = {
				CLASSPREFIX = FR;
				LastSwiftUpdateCheck = 1020;
				LastUpgradeCheck = 1020;
				ORGANIZATIONNAME = free;
				TargetAttributes = {
					05AC10B82264D0FA00A43233 = {
						CreatedOnToolsVersion = 10.2;
					};
				};
			};
			buildConfigurationList = 05AC10B42264D0FA00A43233 /* Build configuration list for PBXProject "FRKit" */;
			compatibilityVersion = "Xcode 9.3";
			developmentRegion = en;
			hasScannedForEncodings = 0;
			knownRegions = (
				en,
				Base,
			);
			mainGroup = 05AC10B02264D0FA00A43233;
			productRefGroup = 05AC10BA2264D0FA00A43233 /* Products */;
			projectDirPath = "";
			projectRoot = "";
			targets = (
				05AC10B82264D0FA00A43233 /* FRKit */,
			);
		};
/* End PBXProject section */

/* Begin PBXResourcesBuildPhase section */
		05AC10B72264D0FA00A43233 /* Resources */ = {
			isa = PBXResourcesBuildPhase;
			buildActionMask = 2147483647;
			files = (
				052E1E01227895880074B830 /* FRWaterfallCell.xib in Resources */,
				05AC11402268C2C100A43233 /* FRHomeCell.xib in Resources */,
				BB6CF9B6227FDBA7007A5C3C /* thanos_reverse_sound.mp3 in Resources */,
				BB6CF9B2227FDBA7007A5C3C /* thanos_dust_2.mp3 in Resources */,
				05AC114E226AD34B00A43233 /* image1.jpg in Resources */,
				BB6CF9B5227FDBA7007A5C3C /* thanos_snap_sound.mp3 in Resources */,
				05AC10C72264D0FB00A43233 /* LaunchScreen.storyboard in Resources */,
				BB6CF9AF227FDBA7007A5C3C /* thanos_dust_4.mp3 in Resources */,
				BB6CF9B3227FDBA7007A5C3C /* thanos_dust_3.mp3 in Resources */,
				BB6CF9B4227FDBA7007A5C3C /* thanos_dust_1.mp3 in Resources */,
				05AC10C42264D0FB00A43233 /* Assets.xcassets in Resources */,
				05AC10C22264D0FA00A43233 /* Main.storyboard in Resources */,
				BB6CF9B1227FDBA7007A5C3C /* thanos_dust_6.mp3 in Resources */,
				BB6CF9B0227FDBA7007A5C3C /* thanos_dust_5.mp3 in Resources */,
			);
			runOnlyForDeploymentPostprocessing = 0;
		};
/* End PBXResourcesBuildPhase section */

/* Begin PBXSourcesBuildPhase section */
		05AC10B52264D0FA00A43233 /* Sources */ = {
			isa = PBXSourcesBuildPhase;
			buildActionMask = 2147483647;
			files = (
				05AC11342266150D00A43233 /* FRBasicCell.swift in Sources */,
				052E1E03227898390074B830 /* FRWaterfallModel.swift in Sources */,
				05AC112D22660CB900A43233 /* BasicViewController.swift in Sources */,
				BB6CF9BE227FE18F007A5C3C /* FRMiebaViewController.swift in Sources */,
				052E1E00227895880074B830 /* FRWaterfallCell.swift in Sources */,
				05AC11372268AA2B00A43233 /* FRBasicNavigationController.swift in Sources */,
				05AC10BF2264D0FA00A43233 /* ViewController.swift in Sources */,
				BB6CF9BB227FE168007A5C3C /* ThanosGauntlet.swift in Sources */,
				BB6CF9BC227FE168007A5C3C /* DustEffectView.swift in Sources */,
				05AC10E72264D1D300A43233 /* FRPickView.swift in Sources */,
				05AC114C226ABF4600A43233 /* FRWaterfallLayout.swift in Sources */,
				05AC1148226A210500A43233 /* FRTableViewAnimationViewController.swift in Sources */,
				05AC113A2268B03700A43233 /* Lang+Extension.swift in Sources */,
				05AC10BD2264D0FA00A43233 /* AppDelegate.swift in Sources */,
				05AC113F2268C2C100A43233 /* FRHomeCell.swift in Sources */,
				BB6CF9BA227FE168007A5C3C /* AnimatableSpriteLayer.swift in Sources */,
				05AC113C2268B05600A43233 /* UIColor+Extension.swift in Sources */,
			);
			runOnlyForDeploymentPostprocessing = 0;
		};
/* End PBXSourcesBuildPhase section */

/* Begin PBXVariantGroup section */
		05AC10C02264D0FA00A43233 /* Main.storyboard */ = {
			isa = PBXVariantGroup;
			children = (
				05AC10C12264D0FA00A43233 /* Base */,
			);
			name = Main.storyboard;
			sourceTree = "<group>";
		};
		05AC10C52264D0FB00A43233 /* LaunchScreen.storyboard */ = {
			isa = PBXVariantGroup;
			children = (
				05AC10C62264D0FB00A43233 /* Base */,
			);
			name = LaunchScreen.storyboard;
			sourceTree = "<group>";
		};
/* End PBXVariantGroup section */

/* Begin XCBuildConfiguration section */
		05AC10C92264D0FB00A43233 /* Debug */ = {
			isa = XCBuildConfiguration;
			buildSettings = {
				ALWAYS_SEARCH_USER_PATHS = NO;
				CLANG_ANALYZER_NONNULL = YES;
				CLANG_ANALYZER_NUMBER_OBJECT_CONVERSION = YES_AGGRESSIVE;
				CLANG_CXX_LANGUAGE_STANDARD = "gnu++14";
				CLANG_CXX_LIBRARY = "libc++";
				CLANG_ENABLE_MODULES = YES;
				CLANG_ENABLE_OBJC_ARC = YES;
				CLANG_ENABLE_OBJC_WEAK = YES;
				CLANG_WARN_BLOCK_CAPTURE_AUTORELEASING = YES;
				CLANG_WARN_BOOL_CONVERSION = YES;
				CLANG_WARN_COMMA = YES;
				CLANG_WARN_CONSTANT_CONVERSION = YES;
				CLANG_WARN_DEPRECATED_OBJC_IMPLEMENTATIONS = YES;
				CLANG_WARN_DIRECT_OBJC_ISA_USAGE = YES_ERROR;
				CLANG_WARN_DOCUMENTATION_COMMENTS = YES;
				CLANG_WARN_EMPTY_BODY = YES;
				CLANG_WARN_ENUM_CONVERSION = YES;
				CLANG_WARN_INFINITE_RECURSION = YES;
				CLANG_WARN_INT_CONVERSION = YES;
				CLANG_WARN_NON_LITERAL_NULL_CONVERSION = YES;
				CLANG_WARN_OBJC_IMPLICIT_RETAIN_SELF = YES;
				CLANG_WARN_OBJC_LITERAL_CONVERSION = YES;
				CLANG_WARN_OBJC_ROOT_CLASS = YES_ERROR;
				CLANG_WARN_RANGE_LOOP_ANALYSIS = YES;
				CLANG_WARN_STRICT_PROTOTYPES = YES;
				CLANG_WARN_SUSPICIOUS_MOVE = YES;
				CLANG_WARN_UNGUARDED_AVAILABILITY = YES_AGGRESSIVE;
				CLANG_WARN_UNREACHABLE_CODE = YES;
				CLANG_WARN__DUPLICATE_METHOD_MATCH = YES;
				CODE_SIGN_IDENTITY = "iPhone Developer";
				COPY_PHASE_STRIP = NO;
				DEBUG_INFORMATION_FORMAT = dwarf;
				ENABLE_STRICT_OBJC_MSGSEND = YES;
				ENABLE_TESTABILITY = YES;
				GCC_C_LANGUAGE_STANDARD = gnu11;
				GCC_DYNAMIC_NO_PIC = NO;
				GCC_NO_COMMON_BLOCKS = YES;
				GCC_OPTIMIZATION_LEVEL = 0;
				GCC_PREPROCESSOR_DEFINITIONS = (
					"DEBUG=1",
					"$(inherited)",
				);
				GCC_WARN_64_TO_32_BIT_CONVERSION = YES;
				GCC_WARN_ABOUT_RETURN_TYPE = YES_ERROR;
				GCC_WARN_UNDECLARED_SELECTOR = YES;
				GCC_WARN_UNINITIALIZED_AUTOS = YES_AGGRESSIVE;
				GCC_WARN_UNUSED_FUNCTION = YES;
				GCC_WARN_UNUSED_VARIABLE = YES;
				IPHONEOS_DEPLOYMENT_TARGET = 12.2;
				MTL_ENABLE_DEBUG_INFO = INCLUDE_SOURCE;
				MTL_FAST_MATH = YES;
				ONLY_ACTIVE_ARCH = YES;
				SDKROOT = iphoneos;
				SWIFT_ACTIVE_COMPILATION_CONDITIONS = DEBUG;
				SWIFT_OPTIMIZATION_LEVEL = "-Onone";
			};
			name = Debug;
		};
		05AC10CA2264D0FB00A43233 /* Release */ = {
			isa = XCBuildConfiguration;
			buildSettings = {
				ALWAYS_SEARCH_USER_PATHS = NO;
				CLANG_ANALYZER_NONNULL = YES;
				CLANG_ANALYZER_NUMBER_OBJECT_CONVERSION = YES_AGGRESSIVE;
				CLANG_CXX_LANGUAGE_STANDARD = "gnu++14";
				CLANG_CXX_LIBRARY = "libc++";
				CLANG_ENABLE_MODULES = YES;
				CLANG_ENABLE_OBJC_ARC = YES;
				CLANG_ENABLE_OBJC_WEAK = YES;
				CLANG_WARN_BLOCK_CAPTURE_AUTORELEASING = YES;
				CLANG_WARN_BOOL_CONVERSION = YES;
				CLANG_WARN_COMMA = YES;
				CLANG_WARN_CONSTANT_CONVERSION = YES;
				CLANG_WARN_DEPRECATED_OBJC_IMPLEMENTATIONS = YES;
				CLANG_WARN_DIRECT_OBJC_ISA_USAGE = YES_ERROR;
				CLANG_WARN_DOCUMENTATION_COMMENTS = YES;
				CLANG_WARN_EMPTY_BODY = YES;
				CLANG_WARN_ENUM_CONVERSION = YES;
				CLANG_WARN_INFINITE_RECURSION = YES;
				CLANG_WARN_INT_CONVERSION = YES;
				CLANG_WARN_NON_LITERAL_NULL_CONVERSION = YES;
				CLANG_WARN_OBJC_IMPLICIT_RETAIN_SELF = YES;
				CLANG_WARN_OBJC_LITERAL_CONVERSION = YES;
				CLANG_WARN_OBJC_ROOT_CLASS = YES_ERROR;
				CLANG_WARN_RANGE_LOOP_ANALYSIS = YES;
				CLANG_WARN_STRICT_PROTOTYPES = YES;
				CLANG_WARN_SUSPICIOUS_MOVE = YES;
				CLANG_WARN_UNGUARDED_AVAILABILITY = YES_AGGRESSIVE;
				CLANG_WARN_UNREACHABLE_CODE = YES;
				CLANG_WARN__DUPLICATE_METHOD_MATCH = YES;
				CODE_SIGN_IDENTITY = "iPhone Developer";
				COPY_PHASE_STRIP = NO;
				DEBUG_INFORMATION_FORMAT = "dwarf-with-dsym";
				ENABLE_NS_ASSERTIONS = NO;
				ENABLE_STRICT_OBJC_MSGSEND = YES;
				GCC_C_LANGUAGE_STANDARD = gnu11;
				GCC_NO_COMMON_BLOCKS = YES;
				GCC_WARN_64_TO_32_BIT_CONVERSION = YES;
				GCC_WARN_ABOUT_RETURN_TYPE = YES_ERROR;
				GCC_WARN_UNDECLARED_SELECTOR = YES;
				GCC_WARN_UNINITIALIZED_AUTOS = YES_AGGRESSIVE;
				GCC_WARN_UNUSED_FUNCTION = YES;
				GCC_WARN_UNUSED_VARIABLE = YES;
				IPHONEOS_DEPLOYMENT_TARGET = 12.2;
				MTL_ENABLE_DEBUG_INFO = NO;
				MTL_FAST_MATH = YES;
				SDKROOT = iphoneos;
				SWIFT_COMPILATION_MODE = wholemodule;
				SWIFT_OPTIMIZATION_LEVEL = "-O";
				VALIDATE_PRODUCT = YES;
			};
			name = Release;
		};
		05AC10CC2264D0FB00A43233 /* Debug */ = {
			isa = XCBuildConfiguration;
			buildSettings = {
				ASSETCATALOG_COMPILER_APPICON_NAME = AppIcon;
				CODE_SIGN_STYLE = Automatic;
				DEVELOPMENT_TEAM = H5XB9M6U63;
				INFOPLIST_FILE = FRKit/Info.plist;
				IPHONEOS_DEPLOYMENT_TARGET = 11.0;
				LD_RUNPATH_SEARCH_PATHS = (
					"$(inherited)",
					"@executable_path/Frameworks",
				);
				PRODUCT_BUNDLE_IDENTIFIER = com.youngfree.FRKit;
				PRODUCT_NAME = "$(TARGET_NAME)";
				SWIFT_VERSION = 5.0;
				TARGETED_DEVICE_FAMILY = "1,2";
			};
			name = Debug;
		};
		05AC10CD2264D0FB00A43233 /* Release */ = {
			isa = XCBuildConfiguration;
			buildSettings = {
				ASSETCATALOG_COMPILER_APPICON_NAME = AppIcon;
				CODE_SIGN_STYLE = Automatic;
				DEVELOPMENT_TEAM = H5XB9M6U63;
				INFOPLIST_FILE = FRKit/Info.plist;
				IPHONEOS_DEPLOYMENT_TARGET = 11.0;
				LD_RUNPATH_SEARCH_PATHS = (
					"$(inherited)",
					"@executable_path/Frameworks",
				);
				PRODUCT_BUNDLE_IDENTIFIER = com.youngfree.FRKit;
				PRODUCT_NAME = "$(TARGET_NAME)";
				SWIFT_VERSION = 5.0;
				TARGETED_DEVICE_FAMILY = "1,2";
			};
			name = Release;
		};
/* End XCBuildConfiguration section */

/* Begin XCConfigurationList section */
		05AC10B42264D0FA00A43233 /* Build configuration list for PBXProject "FRKit" */ = {
			isa = XCConfigurationList;
			buildConfigurations = (
				05AC10C92264D0FB00A43233 /* Debug */,
				05AC10CA2264D0FB00A43233 /* Release */,
			);
			defaultConfigurationIsVisible = 0;
			defaultConfigurationName = Release;
		};
		05AC10CB2264D0FB00A43233 /* Build configuration list for PBXNativeTarget "FRKit" */ = {
			isa = XCConfigurationList;
			buildConfigurations = (
				05AC10CC2264D0FB00A43233 /* Debug */,
				05AC10CD2264D0FB00A43233 /* Release */,
			);
			defaultConfigurationIsVisible = 0;
			defaultConfigurationName = Release;
		};
/* End XCConfigurationList section */
	};
	rootObject = 05AC10B12264D0FA00A43233 /* Project object */;
}
